
Microsoft Visual Studio Solution File, Format Version 12.00
# Visual Studio Version 17
VisualStudioVersion = 17.5.33103.201
MinimumVisualStudioVersion = 10.0.40219.1
Project("{9A19103F-16F7-4668-BE54-9A1E7A4F7556}") = "SecretSharing.Domain", "SecretSharing.Domain\SecretSharing.Domain.csproj", "{2FF805F9-64E4-4EBB-929D-7C96C5838A0C}"
EndProject
Project("{9A19103F-16F7-4668-BE54-9A1E7A4F7556}") = "SecretSharing.Application", "SecretSharing.Application\SecretSharing.Application.csproj", "{3C0D50C7-7C57-4C3B-80B8-AC186795B67E}"
EndProject
Project("{9A19103F-16F7-4668-BE54-9A1E7A4F7556}") = "SecretSharing.Persistence", "SecretSharing.Persistence\SecretSharing.Persistence.csproj", "{EA487557-D380-47DD-8458-679B1E3D8B90}"
EndProject
Project("{9A19103F-16F7-4668-BE54-9A1E7A4F7556}") = "SecretSharing.Api", "SecretSharing.Api\SecretSharing.Api.csproj", "{EE73DDFA-B5C7-4AF9-BF2A-B32987F70939}"
EndProject
Project("{9A19103F-16F7-4668-BE54-9A1E7A4F7556}") = "SecretSharing.Infrastructure", "SecretSharing.Infrastructure\SecretSharing.Infrastructure.csproj", "{293F0A29-422D-4A33-891B-7622BDBFFA8B}"
EndProject
Global
	GlobalSection(SolutionConfigurationPlatforms) = preSolution
		Debug|Any CPU = Debug|Any CPU
		Release|Any CPU = Release|Any CPU
	EndGlobalSection
	GlobalSection(ProjectConfigurationPlatforms) = postSolution
		{2FF805F9-64E4-4EBB-929D-7C96C5838A0C}.Debug|Any CPU.ActiveCfg = Debug|Any CPU
		{2FF805F9-64E4-4EBB-929D-7C96C5838A0C}.Debug|Any CPU.Build.0 = Debug|Any CPU
		{2FF805F9-64E4-4EBB-929D-7C96C5838A0C}.Release|Any CPU.ActiveCfg = Release|Any CPU
		{2FF805F9-64E4-4EBB-929D-7C96C5838A0C}.Release|Any CPU.Build.0 = Release|Any CPU
		{3C0D50C7-7C57-4C3B-80B8-AC186795B67E}.Debug|Any CPU.ActiveCfg = Debug|Any CPU
		{3C0D50C7-7C57-4C3B-80B8-AC186795B67E}.Debug|Any CPU.Build.0 = Debug|Any CPU
		{3C0D50C7-7C57-4C3B-80B8-AC186795B67E}.Release|Any CPU.ActiveCfg = Release|Any CPU
		{3C0D50C7-7C57-4C3B-80B8-AC186795B67E}.Release|Any CPU.Build.0 = Release|Any CPU
		{EA487557-D380-47DD-8458-679B1E3D8B90}.Debug|Any CPU.ActiveCfg = Debug|Any CPU
		{EA487557-D380-47DD-8458-679B1E3D8B90}.Debug|Any CPU.Build.0 = Debug|Any CPU
		{EA487557-D380-47DD-8458-679B1E3D8B90}.Release|Any CPU.ActiveCfg = Release|Any CPU
		{EA487557-D380-47DD-8458-679B1E3D8B90}.Release|Any CPU.Build.0 = Release|Any CPU
		{EE73DDFA-B5C7-4AF9-BF2A-B32987F70939}.Debug|Any CPU.ActiveCfg = Debug|Any CPU
		{EE73DDFA-B5C7-4AF9-BF2A-B32987F70939}.Debug|Any CPU.Build.0 = Debug|Any CPU
		{EE73DDFA-B5C7-4AF9-BF2A-B32987F70939}.Release|Any CPU.ActiveCfg = Release|Any CPU
		{EE73DDFA-B5C7-4AF9-BF2A-B32987F70939}.Release|Any CPU.Build.0 = Release|Any CPU
		{293F0A29-422D-4A33-891B-7622BDBFFA8B}.Debug|Any CPU.ActiveCfg = Debug|Any CPU
		{293F0A29-422D-4A33-891B-7622BDBFFA8B}.Debug|Any CPU.Build.0 = Debug|Any CPU
		{293F0A29-422D-4A33-891B-7622BDBFFA8B}.Release|Any CPU.ActiveCfg = Release|Any CPU
		{293F0A29-422D-4A33-891B-7622BDBFFA8B}.Release|Any CPU.Build.0 = Release|Any CPU
	EndGlobalSection
	GlobalSection(SolutionProperties) = preSolution
		HideSolutionNode = FALSE
	EndGlobalSection
	GlobalSection(ExtensibilityGlobals) = postSolution
		SolutionGuid = {0DBFB88F-ECB2-4D17-AC64-ECE797610905}
	EndGlobalSection
EndGlobal
