
Microsoft Visual Studio Solution File, Format Version 12.00
# Visual Studio Version 17
VisualStudioVersion = 17.5.33103.201
MinimumVisualStudioVersion = 10.0.40219.1
Project("{9A19103F-16F7-4668-BE54-9A1E7A4F7556}") = "SecretSharing.Domain", "SecretSharing.Domain\SecretSharing.Domain.csproj", "{2FF805F9-64E4-4EBB-929D-7C96C5838A0C}"
EndProject
Project("{9A19103F-16F7-4668-BE54-9A1E7A4F7556}") = "SecretSharing.Application", "SecretSharing.Application\SecretSharing.Application.csproj", "{3C0D50C7-7C57-4C3B-80B8-AC186795B67E}"
EndProject
Project("{9A19103F-16F7-4668-BE54-9A1E7A4F7556}") = "SecretSharing.Persistence", "SecretSharing.Persistence\SecretSharing.Persistence.csproj", "{EA487557-D380-47DD-8458-679B1E3D8B90}"
EndProject
Project("{9A19103F-16F7-4668-BE54-9A1E7A4F7556}") = "SecretSharing.Web", "SecretSharing.Web\SecretSharing.Web.csproj", "{5C26AD1B-F9BD-4A94-B5D3-A8894D593A54}"
EndProject
Project("{9A19103F-16F7-4668-BE54-9A1E7A4F7556}") = "SecretSharing.Api", "SecretSharing.Api\SecretSharing.Api.csproj", "{EE73DDFA-B5C7-4AF9-BF2A-B32987F70939}"
EndProject
Project("{2150E333-8FDC-42A3-9474-1A3956D46DE8}") = "Tests", "Tests", "{46F62BD9-3422-4E59-85E9-175F5C382E24}"
EndProject
Project("{9A19103F-16F7-4668-BE54-9A1E7A4F7556}") = "Api.Tests", "Tests\Api.Tests\Api.Tests.csproj", "{05169A4C-4AE7-41E0-92B1-C64FC0210DD0}"
EndProject
Project("{9A19103F-16F7-4668-BE54-9A1E7A4F7556}") = "Application.Tests", "Tests\Application.Tests\Application.Tests.csproj", "{6BA35AAD-AD6B-4BE8-AAD6-83E0BC10E938}"
EndProject
Project("{9A19103F-16F7-4668-BE54-9A1E7A4F7556}") = "Domain.Tests", "Tests\Domain.Tests\Domain.Tests.csproj", "{A8CAAD71-F365-45C3-A9D7-442CE6C6445C}"
EndProject
Project("{9A19103F-16F7-4668-BE54-9A1E7A4F7556}") = "Persistence.Tests", "Tests\Persistence.Tests\Persistence.Tests.csproj", "{D21B00C2-5F10-4CEF-8626-4CAAE092A1FB}"
EndProject
Project("{9A19103F-16F7-4668-BE54-9A1E7A4F7556}") = "Web.Tests", "Tests\Web.Tests\Web.Tests.csproj", "{4CBE1E49-A265-412C-B29A-175CE8C06DE6}"
EndProject
Global
	GlobalSection(SolutionConfigurationPlatforms) = preSolution
		Debug|Any CPU = Debug|Any CPU
		Release|Any CPU = Release|Any CPU
	EndGlobalSection
	GlobalSection(ProjectConfigurationPlatforms) = postSolution
		{2FF805F9-64E4-4EBB-929D-7C96C5838A0C}.Debug|Any CPU.ActiveCfg = Debug|Any CPU
		{2FF805F9-64E4-4EBB-929D-7C96C5838A0C}.Debug|Any CPU.Build.0 = Debug|Any CPU
		{2FF805F9-64E4-4EBB-929D-7C96C5838A0C}.Release|Any CPU.ActiveCfg = Release|Any CPU
		{2FF805F9-64E4-4EBB-929D-7C96C5838A0C}.Release|Any CPU.Build.0 = Release|Any CPU
		{3C0D50C7-7C57-4C3B-80B8-AC186795B67E}.Debug|Any CPU.ActiveCfg = Debug|Any CPU
		{3C0D50C7-7C57-4C3B-80B8-AC186795B67E}.Debug|Any CPU.Build.0 = Debug|Any CPU
		{3C0D50C7-7C57-4C3B-80B8-AC186795B67E}.Release|Any CPU.ActiveCfg = Release|Any CPU
		{3C0D50C7-7C57-4C3B-80B8-AC186795B67E}.Release|Any CPU.Build.0 = Release|Any CPU
		{EA487557-D380-47DD-8458-679B1E3D8B90}.Debug|Any CPU.ActiveCfg = Debug|Any CPU
		{EA487557-D380-47DD-8458-679B1E3D8B90}.Debug|Any CPU.Build.0 = Debug|Any CPU
		{EA487557-D380-47DD-8458-679B1E3D8B90}.Release|Any CPU.ActiveCfg = Release|Any CPU
		{EA487557-D380-47DD-8458-679B1E3D8B90}.Release|Any CPU.Build.0 = Release|Any CPU
		{5C26AD1B-F9BD-4A94-B5D3-A8894D593A54}.Debug|Any CPU.ActiveCfg = Debug|Any CPU
		{5C26AD1B-F9BD-4A94-B5D3-A8894D593A54}.Debug|Any CPU.Build.0 = Debug|Any CPU
		{5C26AD1B-F9BD-4A94-B5D3-A8894D593A54}.Release|Any CPU.ActiveCfg = Release|Any CPU
		{5C26AD1B-F9BD-4A94-B5D3-A8894D593A54}.Release|Any CPU.Build.0 = Release|Any CPU
		{EE73DDFA-B5C7-4AF9-BF2A-B32987F70939}.Debug|Any CPU.ActiveCfg = Debug|Any CPU
		{EE73DDFA-B5C7-4AF9-BF2A-B32987F70939}.Debug|Any CPU.Build.0 = Debug|Any CPU
		{EE73DDFA-B5C7-4AF9-BF2A-B32987F70939}.Release|Any CPU.ActiveCfg = Release|Any CPU
		{EE73DDFA-B5C7-4AF9-BF2A-B32987F70939}.Release|Any CPU.Build.0 = Release|Any CPU
		{05169A4C-4AE7-41E0-92B1-C64FC0210DD0}.Debug|Any CPU.ActiveCfg = Debug|Any CPU
		{05169A4C-4AE7-41E0-92B1-C64FC0210DD0}.Debug|Any CPU.Build.0 = Debug|Any CPU
		{05169A4C-4AE7-41E0-92B1-C64FC0210DD0}.Release|Any CPU.ActiveCfg = Release|Any CPU
		{05169A4C-4AE7-41E0-92B1-C64FC0210DD0}.Release|Any CPU.Build.0 = Release|Any CPU
		{6BA35AAD-AD6B-4BE8-AAD6-83E0BC10E938}.Debug|Any CPU.ActiveCfg = Debug|Any CPU
		{6BA35AAD-AD6B-4BE8-AAD6-83E0BC10E938}.Debug|Any CPU.Build.0 = Debug|Any CPU
		{6BA35AAD-AD6B-4BE8-AAD6-83E0BC10E938}.Release|Any CPU.ActiveCfg = Release|Any CPU
		{6BA35AAD-AD6B-4BE8-AAD6-83E0BC10E938}.Release|Any CPU.Build.0 = Release|Any CPU
		{A8CAAD71-F365-45C3-A9D7-442CE6C6445C}.Debug|Any CPU.ActiveCfg = Debug|Any CPU
		{A8CAAD71-F365-45C3-A9D7-442CE6C6445C}.Debug|Any CPU.Build.0 = Debug|Any CPU
		{A8CAAD71-F365-45C3-A9D7-442CE6C6445C}.Release|Any CPU.ActiveCfg = Release|Any CPU
		{A8CAAD71-F365-45C3-A9D7-442CE6C6445C}.Release|Any CPU.Build.0 = Release|Any CPU
		{D21B00C2-5F10-4CEF-8626-4CAAE092A1FB}.Debug|Any CPU.ActiveCfg = Debug|Any CPU
		{D21B00C2-5F10-4CEF-8626-4CAAE092A1FB}.Debug|Any CPU.Build.0 = Debug|Any CPU
		{D21B00C2-5F10-4CEF-8626-4CAAE092A1FB}.Release|Any CPU.ActiveCfg = Release|Any CPU
		{D21B00C2-5F10-4CEF-8626-4CAAE092A1FB}.Release|Any CPU.Build.0 = Release|Any CPU
		{4CBE1E49-A265-412C-B29A-175CE8C06DE6}.Debug|Any CPU.ActiveCfg = Debug|Any CPU
		{4CBE1E49-A265-412C-B29A-175CE8C06DE6}.Debug|Any CPU.Build.0 = Debug|Any CPU
		{4CBE1E49-A265-412C-B29A-175CE8C06DE6}.Release|Any CPU.ActiveCfg = Release|Any CPU
		{4CBE1E49-A265-412C-B29A-175CE8C06DE6}.Release|Any CPU.Build.0 = Release|Any CPU
	EndGlobalSection
	GlobalSection(SolutionProperties) = preSolution
		HideSolutionNode = FALSE
	EndGlobalSection
	GlobalSection(NestedProjects) = preSolution
		{05169A4C-4AE7-41E0-92B1-C64FC0210DD0} = {46F62BD9-3422-4E59-85E9-175F5C382E24}
		{6BA35AAD-AD6B-4BE8-AAD6-83E0BC10E938} = {46F62BD9-3422-4E59-85E9-175F5C382E24}
		{A8CAAD71-F365-45C3-A9D7-442CE6C6445C} = {46F62BD9-3422-4E59-85E9-175F5C382E24}
		{D21B00C2-5F10-4CEF-8626-4CAAE092A1FB} = {46F62BD9-3422-4E59-85E9-175F5C382E24}
		{4CBE1E49-A265-412C-B29A-175CE8C06DE6} = {46F62BD9-3422-4E59-85E9-175F5C382E24}
	EndGlobalSection
	GlobalSection(ExtensibilityGlobals) = postSolution
		SolutionGuid = {0DBFB88F-ECB2-4D17-AC64-ECE797610905}
	EndGlobalSection
EndGlobal
